
Microsoft Visual Studio Solution File, Format Version 12.00
# Visual Studio Version 17
VisualStudioVersion = 17.7.34031.279
MinimumVisualStudioVersion = 10.0.40219.1
Project("{9A19103F-16F7-4668-BE54-9A1E7A4F7556}") = "Lecture_1_2", "Lecture_1_2\Lecture_1_2.csproj", "{43234D84-A80E-4B6A-8439-5E14DE30D462}"
EndProject
Project("{9A19103F-16F7-4668-BE54-9A1E7A4F7556}") = "Lecture_1_1", "Lecture_1_1\Lecture_1_1.csproj", "{7AD337CF-972E-4285-973A-FFBCC73B9951}"
EndProject
Project("{2150E333-8FDC-42A3-9474-1A3956D46DE8}") = "LiveLectures", "LiveLectures", "{047C2AB1-1D4B-4123-AEFF-2DEA01CB2D3B}"
EndProject
Project("{9A19103F-16F7-4668-BE54-9A1E7A4F7556}") = "Lecture_2_1", "Lecture_2_1\Lecture_2_1.csproj", "{E31566DC-D75E-46B7-8281-AA5FA623AA54}"
EndProject
Project("{2150E333-8FDC-42A3-9474-1A3956D46DE8}") = "VideoLectures", "VideoLectures", "{CDE2E9EB-A6B8-43F8-9E07-82A3265C43F3}"
EndProject
Project("{9A19103F-16F7-4668-BE54-9A1E7A4F7556}") = "Week5", "Week5\Week5.csproj", "{41D9525A-E14C-4EED-BB50-EB97BC28560E}"
EndProject
Project("{9A19103F-16F7-4668-BE54-9A1E7A4F7556}") = "Lecture_2_2", "Lecture_2_2\Lecture_2_2.csproj", "{0C10DF2C-5925-4EA0-A8F3-8A11C5705160}"
EndProject
Project("{9A19103F-16F7-4668-BE54-9A1E7A4F7556}") = "Lecture_3_1", "Lecture_3_1\Lecture_3_1.csproj", "{1D03C3BB-AE54-460F-B4C8-263D00815FC3}"
EndProject
Project("{9A19103F-16F7-4668-BE54-9A1E7A4F7556}") = "Lecture_3_2", "Lecture_3_2\Lecture_3_2.csproj", "{66332313-EF75-4EAC-8327-CCAAED1DF535}"
EndProject
Project("{9A19103F-16F7-4668-BE54-9A1E7A4F7556}") = "Lecture_4_1", "Lecture_4_1\Lecture_4_1.csproj", "{F9A6062F-D957-4AC7-8C82-C0B167A9C7E2}"
EndProject
Project("{9A19103F-16F7-4668-BE54-9A1E7A4F7556}") = "Lecture_4_2", "Lecture_4_2\Lecture_4_2.csproj", "{9F0C5993-F305-4EA7-80A6-E364F6F6F400}"
EndProject
Project("{9A19103F-16F7-4668-BE54-9A1E7A4F7556}") = "YetGenAkbankJump.MvcClient", "YetGenAkbankJump.MvcClient\YetGenAkbankJump.MvcClient.csproj", "{1FE091A6-9099-4193-B0A8-6F611745D20B}"
EndProject
Project("{9A19103F-16F7-4668-BE54-9A1E7A4F7556}") = "YetGenAkbankJump.Shared", "YetGenAkbankJump.Shared\YetGenAkbankJump.Shared.csproj", "{43CB348A-9FD5-47C3-91A2-8D868B24C7AA}"
EndProject
Project("{9A19103F-16F7-4668-BE54-9A1E7A4F7556}") = "YetGenAkbankJump.Domain", "YetGenAkbankJump.Domain\YetGenAkbankJump.Domain.csproj", "{37A7646D-78F9-4A58-BCCF-FCB484FDA3F6}"
EndProject
Project("{9A19103F-16F7-4668-BE54-9A1E7A4F7556}") = "YetGenAkbankJump.WebApi", "YetGenAkbankJump.WebApi\YetGenAkbankJump.WebApi.csproj", "{095A9FF3-D8CB-4042-8FDA-23EF11A24113}"
EndProject
Project("{9A19103F-16F7-4668-BE54-9A1E7A4F7556}") = "Week1", "Week1\Week1.csproj", "{0AFFA17A-8559-412A-B645-609D3ED3D7B6}"
EndProject
Project("{9A19103F-16F7-4668-BE54-9A1E7A4F7556}") = "Week2", "Week2\Week2.csproj", "{92ACCFB8-CC02-4B8A-9DF2-C3E83B8E1F0E}"
EndProject
Project("{9A19103F-16F7-4668-BE54-9A1E7A4F7556}") = "Week3", "Week3\Week3.csproj", "{72AF213A-4AAE-4B61-BFB1-A0D2BC1420B9}"
EndProject
Project("{9A19103F-16F7-4668-BE54-9A1E7A4F7556}") = "Week4", "Week4\Week4.csproj", "{E1308872-B9AC-406B-9E10-690FFD98DAA5}"
EndProject
Project("{9A19103F-16F7-4668-BE54-9A1E7A4F7556}") = "Week6", "Week6\Week6.csproj", "{821A028D-01B0-486D-B6D6-6087D7701582}"
EndProject
Project("{FAE04EC0-301F-11D3-BF4B-00C04F79EFBC}") = "YetGenAkbankJump.BlazorClient", "YetGenAkbankJump.BlazorClient\YetGenAkbankJump.BlazorClient.csproj", "{0505713D-1C9A-4480-97BB-3378A8046C95}"
EndProject
Global
	GlobalSection(SolutionConfigurationPlatforms) = preSolution
		Debug|Any CPU = Debug|Any CPU
		Release|Any CPU = Release|Any CPU
	EndGlobalSection
	GlobalSection(ProjectConfigurationPlatforms) = postSolution
		{43234D84-A80E-4B6A-8439-5E14DE30D462}.Debug|Any CPU.ActiveCfg = Debug|Any CPU
		{43234D84-A80E-4B6A-8439-5E14DE30D462}.Debug|Any CPU.Build.0 = Debug|Any CPU
		{43234D84-A80E-4B6A-8439-5E14DE30D462}.Release|Any CPU.ActiveCfg = Release|Any CPU
		{43234D84-A80E-4B6A-8439-5E14DE30D462}.Release|Any CPU.Build.0 = Release|Any CPU
		{7AD337CF-972E-4285-973A-FFBCC73B9951}.Debug|Any CPU.ActiveCfg = Debug|Any CPU
		{7AD337CF-972E-4285-973A-FFBCC73B9951}.Debug|Any CPU.Build.0 = Debug|Any CPU
		{7AD337CF-972E-4285-973A-FFBCC73B9951}.Release|Any CPU.ActiveCfg = Release|Any CPU
		{7AD337CF-972E-4285-973A-FFBCC73B9951}.Release|Any CPU.Build.0 = Release|Any CPU
		{E31566DC-D75E-46B7-8281-AA5FA623AA54}.Debug|Any CPU.ActiveCfg = Debug|Any CPU
		{E31566DC-D75E-46B7-8281-AA5FA623AA54}.Debug|Any CPU.Build.0 = Debug|Any CPU
		{E31566DC-D75E-46B7-8281-AA5FA623AA54}.Release|Any CPU.ActiveCfg = Release|Any CPU
		{E31566DC-D75E-46B7-8281-AA5FA623AA54}.Release|Any CPU.Build.0 = Release|Any CPU
		{41D9525A-E14C-4EED-BB50-EB97BC28560E}.Debug|Any CPU.ActiveCfg = Debug|Any CPU
		{41D9525A-E14C-4EED-BB50-EB97BC28560E}.Debug|Any CPU.Build.0 = Debug|Any CPU
		{41D9525A-E14C-4EED-BB50-EB97BC28560E}.Release|Any CPU.ActiveCfg = Release|Any CPU
		{41D9525A-E14C-4EED-BB50-EB97BC28560E}.Release|Any CPU.Build.0 = Release|Any CPU
		{0C10DF2C-5925-4EA0-A8F3-8A11C5705160}.Debug|Any CPU.ActiveCfg = Debug|Any CPU
		{0C10DF2C-5925-4EA0-A8F3-8A11C5705160}.Debug|Any CPU.Build.0 = Debug|Any CPU
		{0C10DF2C-5925-4EA0-A8F3-8A11C5705160}.Release|Any CPU.ActiveCfg = Release|Any CPU
		{0C10DF2C-5925-4EA0-A8F3-8A11C5705160}.Release|Any CPU.Build.0 = Release|Any CPU
		{1D03C3BB-AE54-460F-B4C8-263D00815FC3}.Debug|Any CPU.ActiveCfg = Debug|Any CPU
		{1D03C3BB-AE54-460F-B4C8-263D00815FC3}.Debug|Any CPU.Build.0 = Debug|Any CPU
		{1D03C3BB-AE54-460F-B4C8-263D00815FC3}.Release|Any CPU.ActiveCfg = Release|Any CPU
		{1D03C3BB-AE54-460F-B4C8-263D00815FC3}.Release|Any CPU.Build.0 = Release|Any CPU
		{66332313-EF75-4EAC-8327-CCAAED1DF535}.Debug|Any CPU.ActiveCfg = Debug|Any CPU
		{66332313-EF75-4EAC-8327-CCAAED1DF535}.Debug|Any CPU.Build.0 = Debug|Any CPU
		{66332313-EF75-4EAC-8327-CCAAED1DF535}.Release|Any CPU.ActiveCfg = Release|Any CPU
		{66332313-EF75-4EAC-8327-CCAAED1DF535}.Release|Any CPU.Build.0 = Release|Any CPU
		{F9A6062F-D957-4AC7-8C82-C0B167A9C7E2}.Debug|Any CPU.ActiveCfg = Debug|Any CPU
		{F9A6062F-D957-4AC7-8C82-C0B167A9C7E2}.Debug|Any CPU.Build.0 = Debug|Any CPU
		{F9A6062F-D957-4AC7-8C82-C0B167A9C7E2}.Release|Any CPU.ActiveCfg = Release|Any CPU
		{F9A6062F-D957-4AC7-8C82-C0B167A9C7E2}.Release|Any CPU.Build.0 = Release|Any CPU
		{9F0C5993-F305-4EA7-80A6-E364F6F6F400}.Debug|Any CPU.ActiveCfg = Debug|Any CPU
		{9F0C5993-F305-4EA7-80A6-E364F6F6F400}.Debug|Any CPU.Build.0 = Debug|Any CPU
		{9F0C5993-F305-4EA7-80A6-E364F6F6F400}.Release|Any CPU.ActiveCfg = Release|Any CPU
		{9F0C5993-F305-4EA7-80A6-E364F6F6F400}.Release|Any CPU.Build.0 = Release|Any CPU
		{1FE091A6-9099-4193-B0A8-6F611745D20B}.Debug|Any CPU.ActiveCfg = Debug|Any CPU
		{1FE091A6-9099-4193-B0A8-6F611745D20B}.Debug|Any CPU.Build.0 = Debug|Any CPU
		{1FE091A6-9099-4193-B0A8-6F611745D20B}.Release|Any CPU.ActiveCfg = Release|Any CPU
		{1FE091A6-9099-4193-B0A8-6F611745D20B}.Release|Any CPU.Build.0 = Release|Any CPU
		{43CB348A-9FD5-47C3-91A2-8D868B24C7AA}.Debug|Any CPU.ActiveCfg = Debug|Any CPU
		{43CB348A-9FD5-47C3-91A2-8D868B24C7AA}.Debug|Any CPU.Build.0 = Debug|Any CPU
		{43CB348A-9FD5-47C3-91A2-8D868B24C7AA}.Release|Any CPU.ActiveCfg = Release|Any CPU
		{43CB348A-9FD5-47C3-91A2-8D868B24C7AA}.Release|Any CPU.Build.0 = Release|Any CPU
		{37A7646D-78F9-4A58-BCCF-FCB484FDA3F6}.Debug|Any CPU.ActiveCfg = Debug|Any CPU
		{37A7646D-78F9-4A58-BCCF-FCB484FDA3F6}.Debug|Any CPU.Build.0 = Debug|Any CPU
		{37A7646D-78F9-4A58-BCCF-FCB484FDA3F6}.Release|Any CPU.ActiveCfg = Release|Any CPU
		{37A7646D-78F9-4A58-BCCF-FCB484FDA3F6}.Release|Any CPU.Build.0 = Release|Any CPU
		{095A9FF3-D8CB-4042-8FDA-23EF11A24113}.Debug|Any CPU.ActiveCfg = Debug|Any CPU
		{095A9FF3-D8CB-4042-8FDA-23EF11A24113}.Debug|Any CPU.Build.0 = Debug|Any CPU
		{095A9FF3-D8CB-4042-8FDA-23EF11A24113}.Release|Any CPU.ActiveCfg = Release|Any CPU
		{095A9FF3-D8CB-4042-8FDA-23EF11A24113}.Release|Any CPU.Build.0 = Release|Any CPU
		{0AFFA17A-8559-412A-B645-609D3ED3D7B6}.Debug|Any CPU.ActiveCfg = Debug|Any CPU
		{0AFFA17A-8559-412A-B645-609D3ED3D7B6}.Debug|Any CPU.Build.0 = Debug|Any CPU
		{0AFFA17A-8559-412A-B645-609D3ED3D7B6}.Release|Any CPU.ActiveCfg = Release|Any CPU
		{0AFFA17A-8559-412A-B645-609D3ED3D7B6}.Release|Any CPU.Build.0 = Release|Any CPU
		{92ACCFB8-CC02-4B8A-9DF2-C3E83B8E1F0E}.Debug|Any CPU.ActiveCfg = Debug|Any CPU
		{92ACCFB8-CC02-4B8A-9DF2-C3E83B8E1F0E}.Debug|Any CPU.Build.0 = Debug|Any CPU
		{92ACCFB8-CC02-4B8A-9DF2-C3E83B8E1F0E}.Release|Any CPU.ActiveCfg = Release|Any CPU
		{92ACCFB8-CC02-4B8A-9DF2-C3E83B8E1F0E}.Release|Any CPU.Build.0 = Release|Any CPU
		{72AF213A-4AAE-4B61-BFB1-A0D2BC1420B9}.Debug|Any CPU.ActiveCfg = Debug|Any CPU
		{72AF213A-4AAE-4B61-BFB1-A0D2BC1420B9}.Debug|Any CPU.Build.0 = Debug|Any CPU
		{72AF213A-4AAE-4B61-BFB1-A0D2BC1420B9}.Release|Any CPU.ActiveCfg = Release|Any CPU
		{72AF213A-4AAE-4B61-BFB1-A0D2BC1420B9}.Release|Any CPU.Build.0 = Release|Any CPU
		{E1308872-B9AC-406B-9E10-690FFD98DAA5}.Debug|Any CPU.ActiveCfg = Debug|Any CPU
		{E1308872-B9AC-406B-9E10-690FFD98DAA5}.Debug|Any CPU.Build.0 = Debug|Any CPU
		{E1308872-B9AC-406B-9E10-690FFD98DAA5}.Release|Any CPU.ActiveCfg = Release|Any CPU
		{E1308872-B9AC-406B-9E10-690FFD98DAA5}.Release|Any CPU.Build.0 = Release|Any CPU
		{821A028D-01B0-486D-B6D6-6087D7701582}.Debug|Any CPU.ActiveCfg = Debug|Any CPU
		{821A028D-01B0-486D-B6D6-6087D7701582}.Debug|Any CPU.Build.0 = Debug|Any CPU
		{821A028D-01B0-486D-B6D6-6087D7701582}.Release|Any CPU.ActiveCfg = Release|Any CPU
		{821A028D-01B0-486D-B6D6-6087D7701582}.Release|Any CPU.Build.0 = Release|Any CPU
		{0505713D-1C9A-4480-97BB-3378A8046C95}.Debug|Any CPU.ActiveCfg = Debug|Any CPU
		{0505713D-1C9A-4480-97BB-3378A8046C95}.Debug|Any CPU.Build.0 = Debug|Any CPU
		{0505713D-1C9A-4480-97BB-3378A8046C95}.Release|Any CPU.ActiveCfg = Release|Any CPU
		{0505713D-1C9A-4480-97BB-3378A8046C95}.Release|Any CPU.Build.0 = Release|Any CPU
	EndGlobalSection
	GlobalSection(SolutionProperties) = preSolution
		HideSolutionNode = FALSE
	EndGlobalSection
	GlobalSection(NestedProjects) = preSolution
		{43234D84-A80E-4B6A-8439-5E14DE30D462} = {047C2AB1-1D4B-4123-AEFF-2DEA01CB2D3B}
		{7AD337CF-972E-4285-973A-FFBCC73B9951} = {047C2AB1-1D4B-4123-AEFF-2DEA01CB2D3B}
		{E31566DC-D75E-46B7-8281-AA5FA623AA54} = {047C2AB1-1D4B-4123-AEFF-2DEA01CB2D3B}
		{41D9525A-E14C-4EED-BB50-EB97BC28560E} = {CDE2E9EB-A6B8-43F8-9E07-82A3265C43F3}
		{0C10DF2C-5925-4EA0-A8F3-8A11C5705160} = {047C2AB1-1D4B-4123-AEFF-2DEA01CB2D3B}
		{1D03C3BB-AE54-460F-B4C8-263D00815FC3} = {047C2AB1-1D4B-4123-AEFF-2DEA01CB2D3B}
		{66332313-EF75-4EAC-8327-CCAAED1DF535} = {047C2AB1-1D4B-4123-AEFF-2DEA01CB2D3B}
		{F9A6062F-D957-4AC7-8C82-C0B167A9C7E2} = {047C2AB1-1D4B-4123-AEFF-2DEA01CB2D3B}
		{9F0C5993-F305-4EA7-80A6-E364F6F6F400} = {047C2AB1-1D4B-4123-AEFF-2DEA01CB2D3B}
		{0AFFA17A-8559-412A-B645-609D3ED3D7B6} = {CDE2E9EB-A6B8-43F8-9E07-82A3265C43F3}
		{92ACCFB8-CC02-4B8A-9DF2-C3E83B8E1F0E} = {CDE2E9EB-A6B8-43F8-9E07-82A3265C43F3}
		{72AF213A-4AAE-4B61-BFB1-A0D2BC1420B9} = {CDE2E9EB-A6B8-43F8-9E07-82A3265C43F3}
		{E1308872-B9AC-406B-9E10-690FFD98DAA5} = {CDE2E9EB-A6B8-43F8-9E07-82A3265C43F3}
		{821A028D-01B0-486D-B6D6-6087D7701582} = {CDE2E9EB-A6B8-43F8-9E07-82A3265C43F3}
	EndGlobalSection
	GlobalSection(ExtensibilityGlobals) = postSolution
		SolutionGuid = {1304114E-9AAD-440F-A671-6637401DD982}
	EndGlobalSection
EndGlobal
