
Microsoft Visual Studio Solution File, Format Version 12.00
# Visual Studio Version 17
VisualStudioVersion = 17.7.34031.279
MinimumVisualStudioVersion = 10.0.40219.1
Project("{9A19103F-16F7-4668-BE54-9A1E7A4F7556}") = "Lecture_1_2", "Lecture_1_2\Lecture_1_2.csproj", "{43234D84-A80E-4B6A-8439-5E14DE30D462}"
EndProject
Project("{2150E333-8FDC-42A3-9474-1A3956D46DE8}") = "LiveLectures", "LiveLectures", "{047C2AB1-1D4B-4123-AEFF-2DEA01CB2D3B}"
EndProject
Project("{9A19103F-16F7-4668-BE54-9A1E7A4F7556}") = "Lecture_2_1", "Lecture_2_1\Lecture_2_1.csproj", "{E31566DC-D75E-46B7-8281-AA5FA623AA54}"
EndProject
Project("{2150E333-8FDC-42A3-9474-1A3956D46DE8}") = "VideoLectures", "VideoLectures", "{CDE2E9EB-A6B8-43F8-9E07-82A3265C43F3}"
EndProject
Project("{9A19103F-16F7-4668-BE54-9A1E7A4F7556}") = "Week5", "Week5\Week5.csproj", "{41D9525A-E14C-4EED-BB50-EB97BC28560E}"
EndProject
Project("{9A19103F-16F7-4668-BE54-9A1E7A4F7556}") = "Lecture_2_2", "Lecture_2_2\Lecture_2_2.csproj", "{0C10DF2C-5925-4EA0-A8F3-8A11C5705160}"
EndProject
Project("{9A19103F-16F7-4668-BE54-9A1E7A4F7556}") = "Lecture_3_1", "Lecture_3_1\Lecture_3_1.csproj", "{1D03C3BB-AE54-460F-B4C8-263D00815FC3}"
EndProject
Project("{9A19103F-16F7-4668-BE54-9A1E7A4F7556}") = "Lecture_3_2", "Lecture_3_2\Lecture_3_2.csproj", "{66332313-EF75-4EAC-8327-CCAAED1DF535}"
EndProject
Project("{9A19103F-16F7-4668-BE54-9A1E7A4F7556}") = "Lecture_4_2", "Lecture_4_2\Lecture_4_2.csproj", "{9F0C5993-F305-4EA7-80A6-E364F6F6F400}"
EndProject
Project("{9A19103F-16F7-4668-BE54-9A1E7A4F7556}") = "YetGenAkbankJump.MvcClient", "YetGenAkbankJump.MvcClient\YetGenAkbankJump.MvcClient.csproj", "{1FE091A6-9099-4193-B0A8-6F611745D20B}"
EndProject
Project("{9A19103F-16F7-4668-BE54-9A1E7A4F7556}") = "YetGenAkbankJump.Shared", "YetGenAkbankJump.Shared\YetGenAkbankJump.Shared.csproj", "{43CB348A-9FD5-47C3-91A2-8D868B24C7AA}"
EndProject
Project("{9A19103F-16F7-4668-BE54-9A1E7A4F7556}") = "YetGenAkbankJump.Domain", "YetGenAkbankJump.Domain\YetGenAkbankJump.Domain.csproj", "{37A7646D-78F9-4A58-BCCF-FCB484FDA3F6}"
EndProject
Project("{9A19103F-16F7-4668-BE54-9A1E7A4F7556}") = "YetGenAkbankJump.WebApi", "YetGenAkbankJump.WebApi\YetGenAkbankJump.WebApi.csproj", "{095A9FF3-D8CB-4042-8FDA-23EF11A24113}"
EndProject
Project("{9A19103F-16F7-4668-BE54-9A1E7A4F7556}") = "Week1", "Week1\Week1.csproj", "{0AFFA17A-8559-412A-B645-609D3ED3D7B6}"
EndProject
Project("{9A19103F-16F7-4668-BE54-9A1E7A4F7556}") = "Week2", "Week2\Week2.csproj", "{92ACCFB8-CC02-4B8A-9DF2-C3E83B8E1F0E}"
EndProject
Project("{9A19103F-16F7-4668-BE54-9A1E7A4F7556}") = "Week3", "Week3\Week3.csproj", "{72AF213A-4AAE-4B61-BFB1-A0D2BC1420B9}"
EndProject
Project("{9A19103F-16F7-4668-BE54-9A1E7A4F7556}") = "Week4", "Week4\Week4.csproj", "{E1308872-B9AC-406B-9E10-690FFD98DAA5}"
EndProject
Project("{9A19103F-16F7-4668-BE54-9A1E7A4F7556}") = "Week6", "Week6\Week6.csproj", "{821A028D-01B0-486D-B6D6-6087D7701582}"
EndProject
Project("{2150E333-8FDC-42A3-9474-1A3956D46DE8}") = "Lecture_4_1", "Lecture_4_1", "{793CE004-7A8E-4274-B749-82B228C111EA}"
EndProject
Project("{2150E333-8FDC-42A3-9474-1A3956D46DE8}") = "Core", "Core", "{37723067-E796-4CEF-8DD4-166BB199ED3C}"
EndProject
Project("{2150E333-8FDC-42A3-9474-1A3956D46DE8}") = "Infrastructure", "Infrastructure", "{3F7934A0-1D3F-439D-B921-F9EEAD03E76A}"
EndProject
Project("{9A19103F-16F7-4668-BE54-9A1E7A4F7556}") = "Lecture_4_1.Domain", "Core\Domain\Lecture_4_1.Domain.csproj", "{7E65101F-8B34-48B3-A57D-B242C586318F}"
EndProject
Project("{2150E333-8FDC-42A3-9474-1A3956D46DE8}") = "Presentation", "Presentation", "{7D3115A4-58B9-4795-A739-DD42A5B63252}"
EndProject
Project("{2150E333-8FDC-42A3-9474-1A3956D46DE8}") = "Lecture_4_2", "Lecture_4_2", "{7D6A4F88-4E4C-4447-81DC-552FDB867097}"
EndProject
Project("{2150E333-8FDC-42A3-9474-1A3956D46DE8}") = "Lecture_1_1", "Lecture_1_1", "{8EBD4BA0-A9BE-4001-BABE-70117E162B0C}"
EndProject
Project("{2150E333-8FDC-42A3-9474-1A3956D46DE8}") = "Lecture_1_2", "Lecture_1_2", "{C46CDAED-6CA3-4452-830C-00276737D488}"
EndProject
Project("{2150E333-8FDC-42A3-9474-1A3956D46DE8}") = "Lecture_2_1", "Lecture_2_1", "{3E63CF9F-BF7F-4B1B-B0C8-B9275DDEEB25}"
EndProject
Project("{2150E333-8FDC-42A3-9474-1A3956D46DE8}") = "Lecture_2_2", "Lecture_2_2", "{C2DA93EA-45E6-4233-9E37-0FACC7ECF0C9}"
EndProject
Project("{2150E333-8FDC-42A3-9474-1A3956D46DE8}") = "Lecture_3_1", "Lecture_3_1", "{2EE77253-6C5C-4A4F-992C-6131D83CC7B6}"
EndProject
Project("{2150E333-8FDC-42A3-9474-1A3956D46DE8}") = "Lecture_3_2", "Lecture_3_2", "{001A187E-C1D0-438F-9701-08CBDC824FB8}"
EndProject
Project("{2150E333-8FDC-42A3-9474-1A3956D46DE8}") = "Lecture_5_2", "Lecture_5_2", "{BE1E7C4D-7F3E-40B3-8EC7-31A6C7419965}"
EndProject
Project("{9A19103F-16F7-4668-BE54-9A1E7A4F7556}") = "Lecture_4_1.Infrasructure", "Infrastructure\Lecture_4_1.Infrasructure\Lecture_4_1.Infrasructure.csproj", "{E0A7CED3-DC88-4014-91C9-35E719103CC2}"
EndProject
Project("{9A19103F-16F7-4668-BE54-9A1E7A4F7556}") = "Lecture_4_1.Console", "Lecture_4_1.Console\Lecture_4_1.Console.csproj", "{A9BF0E53-C298-4936-9ACF-0FFD610EB5D3}"
EndProject
Project("{2150E333-8FDC-42A3-9474-1A3956D46DE8}") = "Lecture_5_1", "Lecture_5_1", "{DE8AD153-AE36-4AE7-BDF6-AF5E93A51C66}"
EndProject
Project("{2150E333-8FDC-42A3-9474-1A3956D46DE8}") = "Core", "Core", "{C9DD4662-6FE0-4FEA-9546-7000829BBBD8}"
EndProject
Project("{2150E333-8FDC-42A3-9474-1A3956D46DE8}") = "Infrastructure", "Infrastructure", "{FE1DF6CE-C9B6-424F-9406-DA331A01838A}"
EndProject
Project("{2150E333-8FDC-42A3-9474-1A3956D46DE8}") = "Presentation", "Presentation", "{9BDE833C-D301-4CA1-A39F-311118C27376}"
EndProject
Project("{9A19103F-16F7-4668-BE54-9A1E7A4F7556}") = "Productify.MVC", "Presentation\Productify.MVC\Productify.MVC.csproj", "{D9DCBE61-37CA-4C7B-9194-26D32557D884}"
EndProject
Project("{9A19103F-16F7-4668-BE54-9A1E7A4F7556}") = "Productify.Domain", "Core\Productify.Domain\Productify.Domain.csproj", "{885DDD9C-C784-4C45-828C-CDE07E3E8EFC}"
EndProject
Project("{9A19103F-16F7-4668-BE54-9A1E7A4F7556}") = "Productify.Persistence", "Lecture_5_1\Infrastructure\Persistence\Productify.Persistence.csproj", "{DC59EEB8-3651-420F-9085-240E66D15B50}"
EndProject
Project("{2150E333-8FDC-42A3-9474-1A3956D46DE8}") = "Lecture_7_1", "Lecture_7_1", "{41235EF2-3563-487A-A041-667CF8BF4EAC}"
EndProject
Project("{9A19103F-16F7-4668-BE54-9A1E7A4F7556}") = "Lecture_7.API", "Lecture_7.API\Lecture_7.API.csproj", "{23EAFCA8-8294-4851-BE29-9FEEAA79290C}"
EndProject
Project("{2150E333-8FDC-42A3-9474-1A3956D46DE8}") = "Lecture_9_1", "Lecture_9_1", "{6B140AFD-8ACC-411B-9ACB-559B67F51266}"
EndProject
Project("{9A19103F-16F7-4668-BE54-9A1E7A4F7556}") = "YetGenAkbankJump.Persistence", "Persistence\YetGenAkbankJump.Persistence\YetGenAkbankJump.Persistence.csproj", "{96C45BBD-CD34-47AA-BFEF-7A10C0863C92}"
EndProject
Global
	GlobalSection(SolutionConfigurationPlatforms) = preSolution
		Debug|Any CPU = Debug|Any CPU
		Release|Any CPU = Release|Any CPU
	EndGlobalSection
	GlobalSection(ProjectConfigurationPlatforms) = postSolution
		{43234D84-A80E-4B6A-8439-5E14DE30D462}.Debug|Any CPU.ActiveCfg = Debug|Any CPU
		{43234D84-A80E-4B6A-8439-5E14DE30D462}.Debug|Any CPU.Build.0 = Debug|Any CPU
		{43234D84-A80E-4B6A-8439-5E14DE30D462}.Release|Any CPU.ActiveCfg = Release|Any CPU
		{43234D84-A80E-4B6A-8439-5E14DE30D462}.Release|Any CPU.Build.0 = Release|Any CPU
		{E31566DC-D75E-46B7-8281-AA5FA623AA54}.Debug|Any CPU.ActiveCfg = Debug|Any CPU
		{E31566DC-D75E-46B7-8281-AA5FA623AA54}.Debug|Any CPU.Build.0 = Debug|Any CPU
		{E31566DC-D75E-46B7-8281-AA5FA623AA54}.Release|Any CPU.ActiveCfg = Release|Any CPU
		{E31566DC-D75E-46B7-8281-AA5FA623AA54}.Release|Any CPU.Build.0 = Release|Any CPU
		{41D9525A-E14C-4EED-BB50-EB97BC28560E}.Debug|Any CPU.ActiveCfg = Debug|Any CPU
		{41D9525A-E14C-4EED-BB50-EB97BC28560E}.Debug|Any CPU.Build.0 = Debug|Any CPU
		{41D9525A-E14C-4EED-BB50-EB97BC28560E}.Release|Any CPU.ActiveCfg = Release|Any CPU
		{41D9525A-E14C-4EED-BB50-EB97BC28560E}.Release|Any CPU.Build.0 = Release|Any CPU
		{0C10DF2C-5925-4EA0-A8F3-8A11C5705160}.Debug|Any CPU.ActiveCfg = Debug|Any CPU
		{0C10DF2C-5925-4EA0-A8F3-8A11C5705160}.Debug|Any CPU.Build.0 = Debug|Any CPU
		{0C10DF2C-5925-4EA0-A8F3-8A11C5705160}.Release|Any CPU.ActiveCfg = Release|Any CPU
		{0C10DF2C-5925-4EA0-A8F3-8A11C5705160}.Release|Any CPU.Build.0 = Release|Any CPU
		{1D03C3BB-AE54-460F-B4C8-263D00815FC3}.Debug|Any CPU.ActiveCfg = Debug|Any CPU
		{1D03C3BB-AE54-460F-B4C8-263D00815FC3}.Debug|Any CPU.Build.0 = Debug|Any CPU
		{1D03C3BB-AE54-460F-B4C8-263D00815FC3}.Release|Any CPU.ActiveCfg = Release|Any CPU
		{1D03C3BB-AE54-460F-B4C8-263D00815FC3}.Release|Any CPU.Build.0 = Release|Any CPU
		{66332313-EF75-4EAC-8327-CCAAED1DF535}.Debug|Any CPU.ActiveCfg = Debug|Any CPU
		{66332313-EF75-4EAC-8327-CCAAED1DF535}.Debug|Any CPU.Build.0 = Debug|Any CPU
		{66332313-EF75-4EAC-8327-CCAAED1DF535}.Release|Any CPU.ActiveCfg = Release|Any CPU
		{66332313-EF75-4EAC-8327-CCAAED1DF535}.Release|Any CPU.Build.0 = Release|Any CPU
		{9F0C5993-F305-4EA7-80A6-E364F6F6F400}.Debug|Any CPU.ActiveCfg = Debug|Any CPU
		{9F0C5993-F305-4EA7-80A6-E364F6F6F400}.Debug|Any CPU.Build.0 = Debug|Any CPU
		{9F0C5993-F305-4EA7-80A6-E364F6F6F400}.Release|Any CPU.ActiveCfg = Release|Any CPU
		{9F0C5993-F305-4EA7-80A6-E364F6F6F400}.Release|Any CPU.Build.0 = Release|Any CPU
		{1FE091A6-9099-4193-B0A8-6F611745D20B}.Debug|Any CPU.ActiveCfg = Debug|Any CPU
		{1FE091A6-9099-4193-B0A8-6F611745D20B}.Debug|Any CPU.Build.0 = Debug|Any CPU
		{1FE091A6-9099-4193-B0A8-6F611745D20B}.Release|Any CPU.ActiveCfg = Release|Any CPU
		{1FE091A6-9099-4193-B0A8-6F611745D20B}.Release|Any CPU.Build.0 = Release|Any CPU
		{43CB348A-9FD5-47C3-91A2-8D868B24C7AA}.Debug|Any CPU.ActiveCfg = Debug|Any CPU
		{43CB348A-9FD5-47C3-91A2-8D868B24C7AA}.Debug|Any CPU.Build.0 = Debug|Any CPU
		{43CB348A-9FD5-47C3-91A2-8D868B24C7AA}.Release|Any CPU.ActiveCfg = Release|Any CPU
		{43CB348A-9FD5-47C3-91A2-8D868B24C7AA}.Release|Any CPU.Build.0 = Release|Any CPU
		{37A7646D-78F9-4A58-BCCF-FCB484FDA3F6}.Debug|Any CPU.ActiveCfg = Debug|Any CPU
		{37A7646D-78F9-4A58-BCCF-FCB484FDA3F6}.Debug|Any CPU.Build.0 = Debug|Any CPU
		{37A7646D-78F9-4A58-BCCF-FCB484FDA3F6}.Release|Any CPU.ActiveCfg = Release|Any CPU
		{37A7646D-78F9-4A58-BCCF-FCB484FDA3F6}.Release|Any CPU.Build.0 = Release|Any CPU
		{095A9FF3-D8CB-4042-8FDA-23EF11A24113}.Debug|Any CPU.ActiveCfg = Debug|Any CPU
		{095A9FF3-D8CB-4042-8FDA-23EF11A24113}.Debug|Any CPU.Build.0 = Debug|Any CPU
		{095A9FF3-D8CB-4042-8FDA-23EF11A24113}.Release|Any CPU.ActiveCfg = Release|Any CPU
		{095A9FF3-D8CB-4042-8FDA-23EF11A24113}.Release|Any CPU.Build.0 = Release|Any CPU
		{0AFFA17A-8559-412A-B645-609D3ED3D7B6}.Debug|Any CPU.ActiveCfg = Debug|Any CPU
		{0AFFA17A-8559-412A-B645-609D3ED3D7B6}.Debug|Any CPU.Build.0 = Debug|Any CPU
		{0AFFA17A-8559-412A-B645-609D3ED3D7B6}.Release|Any CPU.ActiveCfg = Release|Any CPU
		{0AFFA17A-8559-412A-B645-609D3ED3D7B6}.Release|Any CPU.Build.0 = Release|Any CPU
		{92ACCFB8-CC02-4B8A-9DF2-C3E83B8E1F0E}.Debug|Any CPU.ActiveCfg = Debug|Any CPU
		{92ACCFB8-CC02-4B8A-9DF2-C3E83B8E1F0E}.Debug|Any CPU.Build.0 = Debug|Any CPU
		{92ACCFB8-CC02-4B8A-9DF2-C3E83B8E1F0E}.Release|Any CPU.ActiveCfg = Release|Any CPU
		{92ACCFB8-CC02-4B8A-9DF2-C3E83B8E1F0E}.Release|Any CPU.Build.0 = Release|Any CPU
		{72AF213A-4AAE-4B61-BFB1-A0D2BC1420B9}.Debug|Any CPU.ActiveCfg = Debug|Any CPU
		{72AF213A-4AAE-4B61-BFB1-A0D2BC1420B9}.Debug|Any CPU.Build.0 = Debug|Any CPU
		{72AF213A-4AAE-4B61-BFB1-A0D2BC1420B9}.Release|Any CPU.ActiveCfg = Release|Any CPU
		{72AF213A-4AAE-4B61-BFB1-A0D2BC1420B9}.Release|Any CPU.Build.0 = Release|Any CPU
		{E1308872-B9AC-406B-9E10-690FFD98DAA5}.Debug|Any CPU.ActiveCfg = Debug|Any CPU
		{E1308872-B9AC-406B-9E10-690FFD98DAA5}.Debug|Any CPU.Build.0 = Debug|Any CPU
		{E1308872-B9AC-406B-9E10-690FFD98DAA5}.Release|Any CPU.ActiveCfg = Release|Any CPU
		{E1308872-B9AC-406B-9E10-690FFD98DAA5}.Release|Any CPU.Build.0 = Release|Any CPU
		{821A028D-01B0-486D-B6D6-6087D7701582}.Debug|Any CPU.ActiveCfg = Debug|Any CPU
		{821A028D-01B0-486D-B6D6-6087D7701582}.Debug|Any CPU.Build.0 = Debug|Any CPU
		{821A028D-01B0-486D-B6D6-6087D7701582}.Release|Any CPU.ActiveCfg = Release|Any CPU
		{821A028D-01B0-486D-B6D6-6087D7701582}.Release|Any CPU.Build.0 = Release|Any CPU
		{7E65101F-8B34-48B3-A57D-B242C586318F}.Debug|Any CPU.ActiveCfg = Debug|Any CPU
		{7E65101F-8B34-48B3-A57D-B242C586318F}.Debug|Any CPU.Build.0 = Debug|Any CPU
		{7E65101F-8B34-48B3-A57D-B242C586318F}.Release|Any CPU.ActiveCfg = Release|Any CPU
		{7E65101F-8B34-48B3-A57D-B242C586318F}.Release|Any CPU.Build.0 = Release|Any CPU
		{E0A7CED3-DC88-4014-91C9-35E719103CC2}.Debug|Any CPU.ActiveCfg = Debug|Any CPU
		{E0A7CED3-DC88-4014-91C9-35E719103CC2}.Debug|Any CPU.Build.0 = Debug|Any CPU
		{E0A7CED3-DC88-4014-91C9-35E719103CC2}.Release|Any CPU.ActiveCfg = Release|Any CPU
		{E0A7CED3-DC88-4014-91C9-35E719103CC2}.Release|Any CPU.Build.0 = Release|Any CPU
		{A9BF0E53-C298-4936-9ACF-0FFD610EB5D3}.Debug|Any CPU.ActiveCfg = Debug|Any CPU
		{A9BF0E53-C298-4936-9ACF-0FFD610EB5D3}.Debug|Any CPU.Build.0 = Debug|Any CPU
		{A9BF0E53-C298-4936-9ACF-0FFD610EB5D3}.Release|Any CPU.ActiveCfg = Release|Any CPU
		{A9BF0E53-C298-4936-9ACF-0FFD610EB5D3}.Release|Any CPU.Build.0 = Release|Any CPU
		{D9DCBE61-37CA-4C7B-9194-26D32557D884}.Debug|Any CPU.ActiveCfg = Debug|Any CPU
		{D9DCBE61-37CA-4C7B-9194-26D32557D884}.Debug|Any CPU.Build.0 = Debug|Any CPU
		{D9DCBE61-37CA-4C7B-9194-26D32557D884}.Release|Any CPU.ActiveCfg = Release|Any CPU
		{D9DCBE61-37CA-4C7B-9194-26D32557D884}.Release|Any CPU.Build.0 = Release|Any CPU
		{885DDD9C-C784-4C45-828C-CDE07E3E8EFC}.Debug|Any CPU.ActiveCfg = Debug|Any CPU
		{885DDD9C-C784-4C45-828C-CDE07E3E8EFC}.Debug|Any CPU.Build.0 = Debug|Any CPU
		{885DDD9C-C784-4C45-828C-CDE07E3E8EFC}.Release|Any CPU.ActiveCfg = Release|Any CPU
		{885DDD9C-C784-4C45-828C-CDE07E3E8EFC}.Release|Any CPU.Build.0 = Release|Any CPU
		{DC59EEB8-3651-420F-9085-240E66D15B50}.Debug|Any CPU.ActiveCfg = Debug|Any CPU
		{DC59EEB8-3651-420F-9085-240E66D15B50}.Debug|Any CPU.Build.0 = Debug|Any CPU
		{DC59EEB8-3651-420F-9085-240E66D15B50}.Release|Any CPU.ActiveCfg = Release|Any CPU
		{DC59EEB8-3651-420F-9085-240E66D15B50}.Release|Any CPU.Build.0 = Release|Any CPU
		{23EAFCA8-8294-4851-BE29-9FEEAA79290C}.Debug|Any CPU.ActiveCfg = Debug|Any CPU
		{23EAFCA8-8294-4851-BE29-9FEEAA79290C}.Debug|Any CPU.Build.0 = Debug|Any CPU
		{23EAFCA8-8294-4851-BE29-9FEEAA79290C}.Release|Any CPU.ActiveCfg = Release|Any CPU
		{23EAFCA8-8294-4851-BE29-9FEEAA79290C}.Release|Any CPU.Build.0 = Release|Any CPU
		{96C45BBD-CD34-47AA-BFEF-7A10C0863C92}.Debug|Any CPU.ActiveCfg = Debug|Any CPU
		{96C45BBD-CD34-47AA-BFEF-7A10C0863C92}.Debug|Any CPU.Build.0 = Debug|Any CPU
		{96C45BBD-CD34-47AA-BFEF-7A10C0863C92}.Release|Any CPU.ActiveCfg = Release|Any CPU
		{96C45BBD-CD34-47AA-BFEF-7A10C0863C92}.Release|Any CPU.Build.0 = Release|Any CPU
	EndGlobalSection
	GlobalSection(SolutionProperties) = preSolution
		HideSolutionNode = FALSE
	EndGlobalSection
	GlobalSection(NestedProjects) = preSolution
		{43234D84-A80E-4B6A-8439-5E14DE30D462} = {C46CDAED-6CA3-4452-830C-00276737D488}
		{E31566DC-D75E-46B7-8281-AA5FA623AA54} = {3E63CF9F-BF7F-4B1B-B0C8-B9275DDEEB25}
		{41D9525A-E14C-4EED-BB50-EB97BC28560E} = {CDE2E9EB-A6B8-43F8-9E07-82A3265C43F3}
		{0C10DF2C-5925-4EA0-A8F3-8A11C5705160} = {C2DA93EA-45E6-4233-9E37-0FACC7ECF0C9}
		{1D03C3BB-AE54-460F-B4C8-263D00815FC3} = {2EE77253-6C5C-4A4F-992C-6131D83CC7B6}
		{66332313-EF75-4EAC-8327-CCAAED1DF535} = {001A187E-C1D0-438F-9701-08CBDC824FB8}
		{9F0C5993-F305-4EA7-80A6-E364F6F6F400} = {7D6A4F88-4E4C-4447-81DC-552FDB867097}
		{0AFFA17A-8559-412A-B645-609D3ED3D7B6} = {CDE2E9EB-A6B8-43F8-9E07-82A3265C43F3}
		{92ACCFB8-CC02-4B8A-9DF2-C3E83B8E1F0E} = {CDE2E9EB-A6B8-43F8-9E07-82A3265C43F3}
		{72AF213A-4AAE-4B61-BFB1-A0D2BC1420B9} = {CDE2E9EB-A6B8-43F8-9E07-82A3265C43F3}
		{E1308872-B9AC-406B-9E10-690FFD98DAA5} = {CDE2E9EB-A6B8-43F8-9E07-82A3265C43F3}
		{821A028D-01B0-486D-B6D6-6087D7701582} = {CDE2E9EB-A6B8-43F8-9E07-82A3265C43F3}
		{793CE004-7A8E-4274-B749-82B228C111EA} = {047C2AB1-1D4B-4123-AEFF-2DEA01CB2D3B}
		{37723067-E796-4CEF-8DD4-166BB199ED3C} = {793CE004-7A8E-4274-B749-82B228C111EA}
		{3F7934A0-1D3F-439D-B921-F9EEAD03E76A} = {793CE004-7A8E-4274-B749-82B228C111EA}
		{7E65101F-8B34-48B3-A57D-B242C586318F} = {37723067-E796-4CEF-8DD4-166BB199ED3C}
		{7D3115A4-58B9-4795-A739-DD42A5B63252} = {793CE004-7A8E-4274-B749-82B228C111EA}
		{7D6A4F88-4E4C-4447-81DC-552FDB867097} = {047C2AB1-1D4B-4123-AEFF-2DEA01CB2D3B}
		{8EBD4BA0-A9BE-4001-BABE-70117E162B0C} = {047C2AB1-1D4B-4123-AEFF-2DEA01CB2D3B}
		{C46CDAED-6CA3-4452-830C-00276737D488} = {047C2AB1-1D4B-4123-AEFF-2DEA01CB2D3B}
		{3E63CF9F-BF7F-4B1B-B0C8-B9275DDEEB25} = {047C2AB1-1D4B-4123-AEFF-2DEA01CB2D3B}
		{C2DA93EA-45E6-4233-9E37-0FACC7ECF0C9} = {047C2AB1-1D4B-4123-AEFF-2DEA01CB2D3B}
		{2EE77253-6C5C-4A4F-992C-6131D83CC7B6} = {047C2AB1-1D4B-4123-AEFF-2DEA01CB2D3B}
		{001A187E-C1D0-438F-9701-08CBDC824FB8} = {047C2AB1-1D4B-4123-AEFF-2DEA01CB2D3B}
		{BE1E7C4D-7F3E-40B3-8EC7-31A6C7419965} = {047C2AB1-1D4B-4123-AEFF-2DEA01CB2D3B}
		{E0A7CED3-DC88-4014-91C9-35E719103CC2} = {3F7934A0-1D3F-439D-B921-F9EEAD03E76A}
		{A9BF0E53-C298-4936-9ACF-0FFD610EB5D3} = {7D3115A4-58B9-4795-A739-DD42A5B63252}
		{DE8AD153-AE36-4AE7-BDF6-AF5E93A51C66} = {047C2AB1-1D4B-4123-AEFF-2DEA01CB2D3B}
		{C9DD4662-6FE0-4FEA-9546-7000829BBBD8} = {DE8AD153-AE36-4AE7-BDF6-AF5E93A51C66}
		{FE1DF6CE-C9B6-424F-9406-DA331A01838A} = {DE8AD153-AE36-4AE7-BDF6-AF5E93A51C66}
		{9BDE833C-D301-4CA1-A39F-311118C27376} = {DE8AD153-AE36-4AE7-BDF6-AF5E93A51C66}
		{D9DCBE61-37CA-4C7B-9194-26D32557D884} = {9BDE833C-D301-4CA1-A39F-311118C27376}
		{885DDD9C-C784-4C45-828C-CDE07E3E8EFC} = {C9DD4662-6FE0-4FEA-9546-7000829BBBD8}
		{DC59EEB8-3651-420F-9085-240E66D15B50} = {FE1DF6CE-C9B6-424F-9406-DA331A01838A}
		{41235EF2-3563-487A-A041-667CF8BF4EAC} = {047C2AB1-1D4B-4123-AEFF-2DEA01CB2D3B}
		{23EAFCA8-8294-4851-BE29-9FEEAA79290C} = {41235EF2-3563-487A-A041-667CF8BF4EAC}
		{6B140AFD-8ACC-411B-9ACB-559B67F51266} = {047C2AB1-1D4B-4123-AEFF-2DEA01CB2D3B}
	EndGlobalSection
	GlobalSection(ExtensibilityGlobals) = postSolution
		SolutionGuid = {1304114E-9AAD-440F-A671-6637401DD982}
	EndGlobalSection
EndGlobal
